
Microsoft Visual Studio Solution File, Format Version 12.00
# Visual Studio Version 16
VisualStudioVersion = 16.0.30128.74
MinimumVisualStudioVersion = 10.0.40219.1
Project("{FAE04EC0-301F-11D3-BF4B-00C04F79EFBC}") = "Deliverable 2", "Deliverable 2.csproj", "{0F6F1468-07C4-4F87-B6AC-55C3F5952D28}"
EndProject
Global
	GlobalSection(SolutionConfigurationPlatforms) = preSolution
		Debug|Any CPU = Debug|Any CPU
		Release|Any CPU = Release|Any CPU
	EndGlobalSection
	GlobalSection(ProjectConfigurationPlatforms) = postSolution
		{0F6F1468-07C4-4F87-B6AC-55C3F5952D28}.Debug|Any CPU.ActiveCfg = Debug|Any CPU
		{0F6F1468-07C4-4F87-B6AC-55C3F5952D28}.Debug|Any CPU.Build.0 = Debug|Any CPU
		{0F6F1468-07C4-4F87-B6AC-55C3F5952D28}.Release|Any CPU.ActiveCfg = Release|Any CPU
		{0F6F1468-07C4-4F87-B6AC-55C3F5952D28}.Release|Any CPU.Build.0 = Release|Any CPU
	EndGlobalSection
	GlobalSection(SolutionProperties) = preSolution
		HideSolutionNode = FALSE
	EndGlobalSection
	GlobalSection(ExtensibilityGlobals) = postSolution
		SolutionGuid = {48008FD2-E166-4773-BA91-09F7894612AC}
	EndGlobalSection
EndGlobal
